
Microsoft Visual Studio Solution File, Format Version 12.00
# Visual Studio 14
VisualStudioVersion = 14.0.24720.0
MinimumVisualStudioVersion = 10.0.40219.1
Project("{FAE04EC0-301F-11D3-BF4B-00C04F79EFBC}") = "MVCStudList", "MVCStudList\MVCStudList.csproj", "{EE218EFD-C3EF-4B05-A95A-461A4FE93557}"
EndProject
Global
	GlobalSection(SolutionConfigurationPlatforms) = preSolution
		Debug|Any CPU = Debug|Any CPU
		Release|Any CPU = Release|Any CPU
	EndGlobalSection
	GlobalSection(ProjectConfigurationPlatforms) = postSolution
		{EE218EFD-C3EF-4B05-A95A-461A4FE93557}.Debug|Any CPU.ActiveCfg = Debug|Any CPU
		{EE218EFD-C3EF-4B05-A95A-461A4FE93557}.Debug|Any CPU.Build.0 = Debug|Any CPU
		{EE218EFD-C3EF-4B05-A95A-461A4FE93557}.Release|Any CPU.ActiveCfg = Release|Any CPU
		{EE218EFD-C3EF-4B05-A95A-461A4FE93557}.Release|Any CPU.Build.0 = Release|Any CPU
	EndGlobalSection
	GlobalSection(SolutionProperties) = preSolution
		HideSolutionNode = FALSE
	EndGlobalSection
EndGlobal
